
Microsoft Visual Studio Solution File, Format Version 12.00
# Visual Studio Version 16
VisualStudioVersion = 16.0.30517.126
MinimumVisualStudioVersion = 10.0.40219.1
Project("{8BC9CEB8-8B4A-11D0-8D11-00A0C91BC942}") = "Project9", "Project9\Project9.vcxproj", "{FD3E5A39-6BE1-46CA-A50C-766A3AC4D69B}"
EndProject
Global
	GlobalSection(SolutionConfigurationPlatforms) = preSolution
		Debug|x64 = Debug|x64
		Debug|x86 = Debug|x86
		Release|x64 = Release|x64
		Release|x86 = Release|x86
	EndGlobalSection
	GlobalSection(ProjectConfigurationPlatforms) = postSolution
		{FD3E5A39-6BE1-46CA-A50C-766A3AC4D69B}.Debug|x64.ActiveCfg = Debug|x64
		{FD3E5A39-6BE1-46CA-A50C-766A3AC4D69B}.Debug|x64.Build.0 = Debug|x64
		{FD3E5A39-6BE1-46CA-A50C-766A3AC4D69B}.Debug|x86.ActiveCfg = Debug|Win32
		{FD3E5A39-6BE1-46CA-A50C-766A3AC4D69B}.Debug|x86.Build.0 = Debug|Win32
		{FD3E5A39-6BE1-46CA-A50C-766A3AC4D69B}.Release|x64.ActiveCfg = Release|x64
		{FD3E5A39-6BE1-46CA-A50C-766A3AC4D69B}.Release|x64.Build.0 = Release|x64
		{FD3E5A39-6BE1-46CA-A50C-766A3AC4D69B}.Release|x86.ActiveCfg = Release|Win32
		{FD3E5A39-6BE1-46CA-A50C-766A3AC4D69B}.Release|x86.Build.0 = Release|Win32
	EndGlobalSection
	GlobalSection(SolutionProperties) = preSolution
		HideSolutionNode = FALSE
	EndGlobalSection
	GlobalSection(ExtensibilityGlobals) = postSolution
		SolutionGuid = {5BC43303-D06F-4492-9AE9-7C07063B6479}
	EndGlobalSection
EndGlobal
